
Microsoft Visual Studio Solution File, Format Version 12.00
# Visual Studio 2013
VisualStudioVersion = 12.0.21005.1
MinimumVisualStudioVersion = 10.0.40219.1
Project("{FAE04EC0-301F-11D3-BF4B-00C04F79EFBC}") = "DemoProductCart.Web", "DemoProductCart.Web\DemoProductCart.Web.csproj", "{560B9468-0DB2-4548-BDEF-11FD7D2C1F6E}"
EndProject
Project("{FAE04EC0-301F-11D3-BF4B-00C04F79EFBC}") = "ProductCart.Models", "ProductCart.Models\ProductCart.Models.csproj", "{97B05A1A-4795-413F-A24E-79089BE2F521}"
EndProject
Global
	GlobalSection(TeamFoundationVersionControl) = preSolution
		SccNumberOfProjects = 3
		SccEnterpriseProvider = {4CA58AB2-18FA-4F8D-95D4-32DDF27D184C}
		SccTeamFoundationServer = https://shanjee.visualstudio.com/defaultcollection
		SccLocalPath0 = .
		SccProjectUniqueName1 = DemoProductCart.Web\\DemoProductCart.Web.csproj
		SccProjectName1 = DemoProductCart.Web
		SccLocalPath1 = DemoProductCart.Web
		SccProjectUniqueName2 = ProductCart.Models\\ProductCart.Models.csproj
		SccProjectName2 = ProductCart.Models
		SccLocalPath2 = ProductCart.Models
	EndGlobalSection
	GlobalSection(SolutionConfigurationPlatforms) = preSolution
		Debug|Any CPU = Debug|Any CPU
		Release|Any CPU = Release|Any CPU
	EndGlobalSection
	GlobalSection(ProjectConfigurationPlatforms) = postSolution
		{560B9468-0DB2-4548-BDEF-11FD7D2C1F6E}.Debug|Any CPU.ActiveCfg = Debug|Any CPU
		{560B9468-0DB2-4548-BDEF-11FD7D2C1F6E}.Debug|Any CPU.Build.0 = Debug|Any CPU
		{560B9468-0DB2-4548-BDEF-11FD7D2C1F6E}.Release|Any CPU.ActiveCfg = Release|Any CPU
		{560B9468-0DB2-4548-BDEF-11FD7D2C1F6E}.Release|Any CPU.Build.0 = Release|Any CPU
		{97B05A1A-4795-413F-A24E-79089BE2F521}.Debug|Any CPU.ActiveCfg = Debug|Any CPU
		{97B05A1A-4795-413F-A24E-79089BE2F521}.Debug|Any CPU.Build.0 = Debug|Any CPU
		{97B05A1A-4795-413F-A24E-79089BE2F521}.Release|Any CPU.ActiveCfg = Release|Any CPU
		{97B05A1A-4795-413F-A24E-79089BE2F521}.Release|Any CPU.Build.0 = Release|Any CPU
	EndGlobalSection
	GlobalSection(SolutionProperties) = preSolution
		HideSolutionNode = FALSE
	EndGlobalSection
EndGlobal
